lockfileVersion: '9.0'

settings:
  autoInstallPeers: true
  excludeLinksFromLockfile: false

patchedDependencies:
  '@expo/server@0.4.3':
    hash: at4fdynffkaw4r7ro4imf5psye
    path: patches/@expo__server@0.4.3.patch

importers:

  .:
    dependencies:
      '@expo/server':
        specifier: ^0.4.3
        version: 0.4.3(patch_hash=at4fdynffkaw4r7ro4imf5psye)
      '@sentry/core':
        specifier: ^8.48.0
        version: 8.48.0
      '@sentry/node':
        specifier: ^8.48.0
        version: 8.48.0

packages:

  '@expo/server@0.4.3':
    resolution: {integrity: sha512-5mzMLGLfh3vAYrzO00ujpclk/N8j4xIBeFNyNURYyqa+q/gSUqRuJdHC0i/w8At1cITFGJGiId0eXlu7/S4jRw==}

  '@opentelemetry/api-logs@0.53.0':
    resolution: {integrity: sha512-8HArjKx+RaAI8uEIgcORbZIPklyh1YLjPSBus8hjRmvLi6DeFzgOcdZ7KwPabKj8mXF8dX0hyfAyGfycz0DbFw==}
    engines: {node: '>=14'}

  '@opentelemetry/api-logs@0.56.0':
    resolution: {integrity: sha512-Wr39+94UNNG3Ei9nv3pHd4AJ63gq5nSemMRpCd8fPwDL9rN3vK26lzxfH27mw16XzOSO+TpyQwBAMaLxaPWG0g==}
    engines: {node: '>=14'}

  '@opentelemetry/api@1.9.0':
    resolution: {integrity: sha512-3giAOQvZiH5F9bMlMiv8+GSPMeqg0dbaeo58/0SlA9sxSqZhnUtxzX9/2FzyhS9sWQf5S0GJE0AKBrFqjpeYcg==}
    engines: {node: '>=8.0.0'}

  '@opentelemetry/context-async-hooks@1.30.0':
    resolution: {integrity: sha512-roCetrG/cz0r/gugQm/jFo75UxblVvHaNSRoR0kSSRSzXFAiIBqFCZuH458BHBNRtRe+0yJdIJ21L9t94bw7+g==}
    engines: {node: '>=14'}
    peerDependencies:
      '@opentelemetry/api': '>=1.0.0 <1.10.0'

  '@opentelemetry/core@1.29.0':
    resolution: {integrity: sha512-gmT7vAreXl0DTHD2rVZcw3+l2g84+5XiHIqdBUxXbExymPCvSsGOpiwMmn8nkiJur28STV31wnhIDrzWDPzjfA==}
    engines: {node: '>=14'}
    peerDependencies:
      '@opentelemetry/api': '>=1.0.0 <1.10.0'

  '@opentelemetry/core@1.30.0':
    resolution: {integrity: sha512-Q/3u/K73KUjTCnFUP97ZY+pBjQ1kPEgjOfXj/bJl8zW7GbXdkw6cwuyZk6ZTXkVgCBsYRYUzx4fvYK1jxdb9MA==}
    engines: {node: '>=14'}
    peerDependencies:
      '@opentelemetry/api': '>=1.0.0 <1.10.0'

  '@opentelemetry/instrumentation-amqplib@0.45.0':
    resolution: {integrity: sha512-SlKLsOS65NGMIBG1Lh/hLrMDU9WzTUF25apnV6ZmWZB1bBmUwan7qrwwrTu1cL5LzJWCXOdZPuTaxP7pC9qxnQ==}
    engines: {node: '>=14'}
    peerDependencies:
      '@opentelemetry/api': ^1.3.0

  '@opentelemetry/instrumentation-connect@0.42.0':
    resolution: {integrity: sha512-bOoYHBmbnq/jFaLHmXJ55VQ6jrH5fHDMAPjFM0d3JvR0dvIqW7anEoNC33QqYGFYUfVJ50S0d/eoyF61ALqQuA==}
    engines: {node: '>=14'}
    peerDependencies:
      '@opentelemetry/api': ^1.3.0

  '@opentelemetry/instrumentation-dataloader@0.15.0':
    resolution: {integrity: sha512-5fP35A2jUPk4SerVcduEkpbRAIoqa2PaP5rWumn01T1uSbavXNccAr3Xvx1N6xFtZxXpLJq4FYqGFnMgDWgVng==}
    engines: {node: '>=14'}
    peerDependencies:
      '@opentelemetry/api': ^1.3.0

  '@opentelemetry/instrumentation-express@0.46.0':
    resolution: {integrity: sha512-BCEClDj/HPq/1xYRAlOr6z+OUnbp2eFp18DSrgyQz4IT9pkdYk8eWHnMi9oZSqlC6J5mQzkFmaW5RrKb1GLQhg==}
    engines: {node: '>=14'}
    peerDependencies:
      '@opentelemetry/api': ^1.3.0

  '@opentelemetry/instrumentation-fastify@0.43.0':
    resolution: {integrity: sha512-Lmdsg7tYiV+K3/NKVAQfnnLNGmakUOFdB0PhoTh2aXuSyCmyNnnDvhn2MsArAPTZ68wnD5Llh5HtmiuTkf+DyQ==}
    engines: {node: '>=14'}
    peerDependencies:
      '@opentelemetry/api': ^1.3.0

  '@opentelemetry/instrumentation-fs@0.18.0':
    resolution: {integrity: sha512-kC40y6CEMONm8/MWwoF5GHWIC7gOdF+g3sgsjfwJaUkgD6bdWV+FgG0XApqSbTQndICKzw3RonVk8i7s6mHqhA==}
    engines: {node: '>=14'}
    peerDependencies:
      '@opentelemetry/api': ^1.3.0

  '@opentelemetry/instrumentation-generic-pool@0.42.0':
    resolution: {integrity: sha512-J4QxqiQ1imtB9ogzsOnHra0g3dmmLAx4JCeoK3o0rFes1OirljNHnO8Hsj4s1jAir8WmWvnEEQO1y8yk6j2tog==}
    engines: {node: '>=14'}
    peerDependencies:
      '@opentelemetry/api': ^1.3.0

  '@opentelemetry/instrumentation-graphql@0.46.0':
    resolution: {integrity: sha512-tplk0YWINSECcK89PGM7IVtOYenXyoOuhOQlN0X0YrcDUfMS4tZMKkVc0vyhNWYYrexnUHwNry2YNBNugSpjlQ==}
    engines: {node: '>=14'}
    peerDependencies:
      '@opentelemetry/api': ^1.3.0

  '@opentelemetry/instrumentation-hapi@0.44.0':
    resolution: {integrity: sha512-4HdNIMNXWK1O6nsaQOrACo83QWEVoyNODTdVDbUqtqXiv2peDfD0RAPhSQlSGWLPw3S4d9UoOmrV7s2HYj6T2A==}
    engines: {node: '>=14'}
    peerDependencies:
      '@opentelemetry/api': ^1.3.0

  '@opentelemetry/instrumentation-http@0.56.0':
    resolution: {integrity: sha512-/bWHBUAq8VoATnH9iLk5w8CE9+gj+RgYSUphe7hry472n6fYl7+4PvuScoQMdmSUTprKq/gyr2kOWL6zrC7FkQ==}
    engines: {node: '>=14'}
    peerDependencies:
      '@opentelemetry/api': ^1.3.0

  '@opentelemetry/instrumentation-ioredis@0.46.0':
    resolution: {integrity: sha512-sOdsq8oGi29V58p1AkefHvuB3l2ymP1IbxRIX3y4lZesQWKL8fLhBmy8xYjINSQ5gHzWul2yoz7pe7boxhZcqQ==}
    engines: {node: '>=14'}
    peerDependencies:
      '@opentelemetry/api': ^1.3.0

  '@opentelemetry/instrumentation-kafkajs@0.6.0':
    resolution: {integrity: sha512-MGQrzqEUAl0tacKJUFpuNHJesyTi51oUzSVizn7FdvJplkRIdS11FukyZBZJEscofSEdk7Ycmg+kNMLi5QHUFg==}
    engines: {node: '>=14'}
    peerDependencies:
      '@opentelemetry/api': ^1.3.0

  '@opentelemetry/instrumentation-knex@0.43.0':
    resolution: {integrity: sha512-mOp0TRQNFFSBj5am0WF67fRO7UZMUmsF3/7HSDja9g3H4pnj+4YNvWWyZn4+q0rGrPtywminAXe0rxtgaGYIqg==}
    engines: {node: '>=14'}
    peerDependencies:
      '@opentelemetry/api': ^1.3.0

  '@opentelemetry/instrumentation-koa@0.46.0':
    resolution: {integrity: sha512-RcWXMQdJQANnPUaXbHY5G0Fg6gmleZ/ZtZeSsekWPaZmQq12FGk0L1UwodIgs31OlYfviAZ4yTeytoSUkgo5vQ==}
    engines: {node: '>=14'}
    peerDependencies:
      '@opentelemetry/api': ^1.3.0

  '@opentelemetry/instrumentation-lru-memoizer@0.43.0':
    resolution: {integrity: sha512-fZc+1eJUV+tFxaB3zkbupiA8SL3vhDUq89HbDNg1asweYrEb9OlHIB+Ot14ZiHUc1qCmmWmZHbPTwa56mVVwzg==}
    engines: {node: '>=14'}
    peerDependencies:
      '@opentelemetry/api': ^1.3.0

  '@opentelemetry/instrumentation-mongodb@0.50.0':
    resolution: {integrity: sha512-DtwJMjYFXFT5auAvv8aGrBj1h3ciA/dXQom11rxL7B1+Oy3FopSpanvwYxJ+z0qmBrQ1/iMuWELitYqU4LnlkQ==}
    engines: {node: '>=14'}
    peerDependencies:
      '@opentelemetry/api': ^1.3.0

  '@opentelemetry/instrumentation-mongoose@0.45.0':
    resolution: {integrity: sha512-zHgNh+A01C5baI2mb5dAGyMC7DWmUpOfwpV8axtC0Hd5Uzqv+oqKgKbVDIVhOaDkPxjgVJwYF9YQZl2pw2qxIA==}
    engines: {node: '>=14'}
    peerDependencies:
      '@opentelemetry/api': ^1.3.0

  '@opentelemetry/instrumentation-mysql2@0.44.0':
    resolution: {integrity: sha512-e9QY4AGsjGFwmfHd6kBa4yPaQZjAq2FuxMb0BbKlXCAjG+jwqw+sr9xWdJGR60jMsTq52hx3mAlE3dUJ9BipxQ==}
    engines: {node: '>=14'}
    peerDependencies:
      '@opentelemetry/api': ^1.3.0

  '@opentelemetry/instrumentation-mysql@0.44.0':
    resolution: {integrity: sha512-al7jbXvT/uT1KV8gdNDzaWd5/WXf+mrjrsF0/NtbnqLa0UUFGgQnoK3cyborgny7I+KxWhL8h7YPTf6Zq4nKsg==}
    engines: {node: '>=14'}
    peerDependencies:
      '@opentelemetry/api': ^1.3.0

  '@opentelemetry/instrumentation-nestjs-core@0.43.0':
    resolution: {integrity: sha512-NEo4RU7HTjiaXk3curqXUvCb9alRiFWxQY//+hvDXwWLlADX2vB6QEmVCeEZrKO+6I/tBrI4vNdAnbCY9ldZVg==}
    engines: {node: '>=14'}
    peerDependencies:
      '@opentelemetry/api': ^1.3.0

  '@opentelemetry/instrumentation-pg@0.49.0':
    resolution: {integrity: sha512-3alvNNjPXVdAPdY1G7nGRVINbDxRK02+KAugDiEpzw0jFQfU8IzFkSWA4jyU4/GbMxKvHD+XIOEfSjpieSodKw==}
    engines: {node: '>=14'}
    peerDependencies:
      '@opentelemetry/api': ^1.3.0

  '@opentelemetry/instrumentation-redis-4@0.45.0':
    resolution: {integrity: sha512-Sjgym1xn3mdxPRH5CNZtoz+bFd3E3NlGIu7FoYr4YrQouCc9PbnmoBcmSkEdDy5LYgzNildPgsjx9l0EKNjKTQ==}
    engines: {node: '>=14'}
    peerDependencies:
      '@opentelemetry/api': ^1.3.0

  '@opentelemetry/instrumentation-tedious@0.17.0':
    resolution: {integrity: sha512-yRBz2409an03uVd1Q2jWMt3SqwZqRFyKoWYYX3hBAtPDazJ4w5L+1VOij71TKwgZxZZNdDBXImTQjii+VeuzLg==}
    engines: {node: '>=14'}
    peerDependencies:
      '@opentelemetry/api': ^1.3.0

  '@opentelemetry/instrumentation-undici@0.9.0':
    resolution: {integrity: sha512-lxc3cpUZ28CqbrWcUHxGW/ObDpMOYbuxF/ZOzeFZq54P9uJ2Cpa8gcrC9F716mtuiMaekwk8D6n34vg/JtkkxQ==}
    engines: {node: '>=14'}
    peerDependencies:
      '@opentelemetry/api': ^1.7.0

  '@opentelemetry/instrumentation@0.53.0':
    resolution: {integrity: sha512-DMwg0hy4wzf7K73JJtl95m/e0boSoWhH07rfvHvYzQtBD3Bmv0Wc1x733vyZBqmFm8OjJD0/pfiUg1W3JjFX0A==}
    engines: {node: '>=14'}
    peerDependencies:
      '@opentelemetry/api': ^1.3.0

  '@opentelemetry/instrumentation@0.56.0':
    resolution: {integrity: sha512-2KkGBKE+FPXU1F0zKww+stnlUxUTlBvLCiWdP63Z9sqXYeNI/ziNzsxAp4LAdUcTQmXjw1IWgvm5CAb/BHy99w==}
    engines: {node: '>=14'}
    peerDependencies:
      '@opentelemetry/api': ^1.3.0

  '@opentelemetry/redis-common@0.36.2':
    resolution: {integrity: sha512-faYX1N0gpLhej/6nyp6bgRjzAKXn5GOEMYY7YhciSfCoITAktLUtQ36d24QEWNA1/WA1y6qQunCe0OhHRkVl9g==}
    engines: {node: '>=14'}

  '@opentelemetry/resources@1.30.0':
    resolution: {integrity: sha512-5mGMjL0Uld/99t7/pcd7CuVtJbkARckLVuiOX84nO8RtLtIz0/J6EOHM2TGvPZ6F4K+XjUq13gMx14w80SVCQg==}
    engines: {node: '>=14'}
    peerDependencies:
      '@opentelemetry/api': '>=1.0.0 <1.10.0'

  '@opentelemetry/sdk-trace-base@1.30.0':
    resolution: {integrity: sha512-RKQDaDIkV7PwizmHw+rE/FgfB2a6MBx+AEVVlAHXRG1YYxLiBpPX2KhmoB99R5vA4b72iJrjle68NDWnbrE9Dg==}
    engines: {node: '>=14'}
    peerDependencies:
      '@opentelemetry/api': '>=1.0.0 <1.10.0'

  '@opentelemetry/semantic-conventions@1.27.0':
    resolution: {integrity: sha512-sAay1RrB+ONOem0OZanAR1ZI/k7yDpnOQSQmTMuGImUQb2y8EbSaCJ94FQluM74xoU03vlb2d2U90hZluL6nQg==}
    engines: {node: '>=14'}

  '@opentelemetry/semantic-conventions@1.28.0':
    resolution: {integrity: sha512-lp4qAiMTD4sNWW4DbKLBkfiMZ4jbAboJIGOQr5DvciMRI494OapieI9qiODpOt0XBr1LjIDy1xAGAnVs5supTA==}
    engines: {node: '>=14'}

  '@opentelemetry/sql-common@0.40.1':
    resolution: {integrity: sha512-nSDlnHSqzC3pXn/wZEZVLuAuJ1MYMXPBwtv2qAbCa3847SaHItdE7SzUq/Jtb0KZmh1zfAbNi3AAMjztTT4Ugg==}
    engines: {node: '>=14'}
    peerDependencies:
      '@opentelemetry/api': ^1.1.0

  '@prisma/instrumentation@5.22.0':
    resolution: {integrity: sha512-LxccF392NN37ISGxIurUljZSh1YWnphO34V5a0+T7FVQG2u9bhAXRTJpgmQ3483woVhkraQZFF7cbRrpbw/F4Q==}

  '@remix-run/node@2.10.1':
    resolution: {integrity: sha512-kuKh9bbivrAEbsiYNlm3x03O1Jpgi+Ux8zR2cig5U2DIbG43ylgX9vQiLp2ZNhQ0xoJ0C241x7d7DpdPfyrgEA==}
    engines: {node: '>=18.0.0'}
    peerDependencies:
      typescript: ^5.1.0
    peerDependenciesMeta:
      typescript:
        optional: true

  '@remix-run/router@1.17.1':
    resolution: {integrity: sha512-mCOMec4BKd6BRGBZeSnGiIgwsbLGp3yhVqAD8H+PxiRNEHgDpZb8J1TnrSDlg97t0ySKMQJTHCWBCmBpSmkF6Q==}
    engines: {node: '>=14.0.0'}

  '@remix-run/server-runtime@2.10.1':
    resolution: {integrity: sha512-jINOmovnwPdllhOm2PU0iTDP9MXwKLit9Ifq3EWjdqs+Bu1zwA3TTRDRX6x9V0OGpM3wiByd80zEmHZ5sZy7hQ==}
    engines: {node: '>=18.0.0'}
    peerDependencies:
      typescript: ^5.1.0
    peerDependenciesMeta:
      typescript:
        optional: true

  '@remix-run/web-blob@3.1.0':
    resolution: {integrity: sha512-owGzFLbqPH9PlKb8KvpNJ0NO74HWE2euAn61eEiyCXX/oteoVzTVSN8mpLgDjaxBf2btj5/nUllSUgpyd6IH6g==}

  '@remix-run/web-fetch@4.4.2':
    resolution: {integrity: sha512-jgKfzA713/4kAW/oZ4bC3MoLWyjModOVDjFPNseVqcJKSafgIscrYL9G50SurEYLswPuoU3HzSbO0jQCMYWHhA==}
    engines: {node: ^10.17 || >=12.3}

  '@remix-run/web-file@3.1.0':
    resolution: {integrity: sha512-dW2MNGwoiEYhlspOAXFBasmLeYshyAyhIdrlXBi06Duex5tDr3ut2LFKVj7tyHLmn8nnNwFf1BjNbkQpygC2aQ==}

  '@remix-run/web-form-data@3.1.0':
    resolution: {integrity: sha512-NdeohLMdrb+pHxMQ/Geuzdp0eqPbea+Ieo8M8Jx2lGC6TBHsgHzYcBvr0LyPdPVycNRDEpWpiDdCOdCryo3f9A==}

  '@remix-run/web-stream@1.1.0':
    resolution: {integrity: sha512-KRJtwrjRV5Bb+pM7zxcTJkhIqWWSy+MYsIxHK+0m5atcznsf15YwUBWHWulZerV2+vvHH1Lp1DD7pw6qKW8SgA==}

  '@sentry/core@8.48.0':
    resolution: {integrity: sha512-VGwYgTfLpvJ5LRO5A+qWo1gpo6SfqaGXL9TOzVgBucAdpzbrYHpZ87sEarDVq/4275uk1b0S293/mfsskFczyw==}
    engines: {node: '>=14.18'}

  '@sentry/node@8.48.0':
    resolution: {integrity: sha512-pnprAuUOc8cxnJdZA09hutHXNsbQZoDgzf3zPyXMNx0ewB/RviFMOgfe7ViX1mIB/oVrcFenXBgO5uvTd7JwPg==}
    engines: {node: '>=14.18'}

  '@sentry/opentelemetry@8.48.0':
    resolution: {integrity: sha512-1JLXgmIvD3T7xn9ypwWW0V3GirNy4BN2fOUbZau/nUX/Jj5DttSoPn7x7xTaPSpfaA24PiP93zXmJEfZvCk00Q==}
    engines: {node: '>=14.18'}
    peerDependencies:
      '@opentelemetry/api': ^1.9.0
      '@opentelemetry/core': ^1.29.0
      '@opentelemetry/instrumentation': ^0.56.0
      '@opentelemetry/sdk-trace-base': ^1.29.0
      '@opentelemetry/semantic-conventions': ^1.28.0

  '@types/connect@3.4.36':
    resolution: {integrity: sha512-P63Zd/JUGq+PdrM1lv0Wv5SBYeA2+CORvbrXbngriYY0jzLUWfQMQQxOhjONEz/wlHOAxOdY7CY65rgQdTjq2w==}

  '@types/cookie@0.6.0':
    resolution: {integrity: sha512-4Kh9a6B2bQciAhf7FSuMRRkUWecJgJu9nPnx3yzpsfXX/c50REIqpHY4C82bXP90qrLtXtkDxTZosYO3UpOwlA==}

  '@types/mysql@2.15.26':
    resolution: {integrity: sha512-DSLCOXhkvfS5WNNPbfn2KdICAmk8lLc+/PNvnPnF7gOdMZCxopXduqv0OQ13y/yA/zXTSikZZqVgybUxOEg6YQ==}

  '@types/node@22.10.5':
    resolution: {integrity: sha512-F8Q+SeGimwOo86fiovQh8qiXfFEh2/ocYv7tU5pJ3EXMSSxk1Joj5wefpFK2fHTf/N6HKGSxIDBT9f3gCxXPkQ==}

  '@types/pg-pool@2.0.6':
    resolution: {integrity: sha512-TaAUE5rq2VQYxab5Ts7WZhKNmuN78Q6PiFonTDdpbx8a1H0M1vhy3rhiMjl+e2iHmogyMw7jZF4FrE6eJUy5HQ==}

  '@types/pg@8.6.1':
    resolution: {integrity: sha512-1Kc4oAGzAl7uqUStZCDvaLFqZrW9qWSjXOmBfdgyBP5La7Us6Mg4GBvRlSoaZMhQF/zSj1C8CtKMBkoiT8eL8w==}

  '@types/shimmer@1.2.0':
    resolution: {integrity: sha512-UE7oxhQLLd9gub6JKIAhDq06T0F6FnztwMNRvYgjeQSBeMc1ZG/tA47EwfduvkuQS8apbkM/lpLpWsaCeYsXVg==}

  '@types/tedious@4.0.14':
    resolution: {integrity: sha512-KHPsfX/FoVbUGbyYvk1q9MMQHLPeRZhRJZdO45Q4YjvFkv4hMNghCWTvy7rdKessBsmtz4euWCWAB6/tVpI1Iw==}

  '@web3-storage/multipart-parser@1.0.0':
    resolution: {integrity: sha512-BEO6al7BYqcnfX15W2cnGR+Q566ACXAT9UQykORCWW80lmkpWsnEob6zJS1ZVBKsSJC8+7vJkHwlp+lXG1UCdw==}

  '@zxing/text-encoding@0.9.0':
    resolution: {integrity: sha512-U/4aVJ2mxI0aDNI8Uq0wEhMgY+u4CNtEb0om3+y3+niDAsoTCOB33UF0sxpzqzdqXLqmvc+vZyAt4O8pPdfkwA==}

  abort-controller@3.0.0:
    resolution: {integrity: sha512-h8lQ8tacZYnR3vNQTgibj+tODHI5/+l06Au2Pcriv/Gmet0eaj4TwWH41sO9wnHDiQsEj19q0drzdWdeAHtweg==}
    engines: {node: '>=6.5'}

  acorn-import-attributes@1.9.5:
    resolution: {integrity: sha512-n02Vykv5uA3eHGM/Z2dQrcD56kL8TyDb2p1+0P83PClMnC/nc+anbQRhIOWnSq4Ke/KvDPrY3C9hDtC/A3eHnQ==}
    peerDependencies:
      acorn: ^8

  acorn@8.14.0:
    resolution: {integrity: sha512-cl669nCJTZBsL97OF4kUQm5g5hC2uihk0NxY3WENAC0TYdILVkAyHymAntgxGkl7K+t0cXIrH5siy5S4XkFycA==}
    engines: {node: '>=0.4.0'}
    hasBin: true

  available-typed-arrays@1.0.7:
    resolution: {integrity: sha512-wvUjBtSGN7+7SjNpq/9M2Tg350UZD3q62IFZLbRAR1bSMlCo1ZaeW+BJ+D090e4hIIZLBcTDWe4Mh4jvUDajzQ==}
    engines: {node: '>= 0.4'}

  buffer-from@1.1.2:
    resolution: {integrity: sha512-E+XQCRwSbaaiChtv6k6Dwgc+bx+Bs6vuKJHHl5kox/BaKbhiXzqQOwK4cO22yElGp2OCmjwVhT3HmxgyPGnJfQ==}

  call-bind@1.0.7:
    resolution: {integrity: sha512-GHTSNSYICQ7scH7sZ+M2rFopRoLh8t2bLSW6BbgrtLsahOIB5iyAVJf9GjWK3cYTDaMj4XdBpM1cA6pIS0Kv2w==}
    engines: {node: '>= 0.4'}

  cjs-module-lexer@1.4.1:
    resolution: {integrity: sha512-cuSVIHi9/9E/+821Qjdvngor+xpnlwnuwIyZOaLmHBVdXL+gP+I6QQB9VkO7RI77YIcTV+S1W9AreJ5eN63JBA==}

  cookie-signature@1.2.1:
    resolution: {integrity: sha512-78KWk9T26NhzXtuL26cIJ8/qNHANyJ/ZYrmEXFzUmhZdjpBv+DlWlOANRTGBt48YcyslsLrj0bMLFTmXvLRCOw==}
    engines: {node: '>=6.6.0'}

  cookie@0.6.0:
    resolution: {integrity: sha512-U71cyTamuh1CRNCfpGY6to28lxvNwPG4Guz/EVjgf3Jmzv0vlDp1atT9eS5dDjMYHucpHbWns6Lwf3BKz6svdw==}
    engines: {node: '>= 0.6'}

  data-uri-to-buffer@3.0.1:
    resolution: {integrity: sha512-WboRycPNsVw3B3TL559F7kuBUM4d8CgMEvk6xEJlOp7OBPjt6G7z8WMWlD2rOFZLk6OYfFIUGsCOWzcQH9K2og==}
    engines: {node: '>= 6'}

  debug@4.3.5:
    resolution: {integrity: sha512-pt0bNEmneDIvdL1Xsd9oDQ/wrQRkXDT4AUWlNZNPKvW5x/jyO9VFXkJUP07vQ2upmw5PlaITaPKc31jK13V+jg==}
    engines: {node: '>=6.0'}
    peerDependencies:
      supports-color: '*'
    peerDependenciesMeta:
      supports-color:
        optional: true

  define-data-property@1.1.4:
    resolution: {integrity: sha512-rBMvIzlpA8v6E+SJZoo++HAYqsLrkg7MSfIinMPFhmkorw7X+dOXVJQs+QT69zGkzMyfDnIMN2Wid1+NbL3T+A==}
    engines: {node: '>= 0.4'}

  es-define-property@1.0.0:
    resolution: {integrity: sha512-jxayLKShrEqqzJ0eumQbVhTYQM27CfT1T35+gCgDFoL82JLsXqTJ76zv6A0YLOgEnLUMvLzsDsGIrl8NFpT2gQ==}
    engines: {node: '>= 0.4'}

  es-errors@1.3.0:
    resolution: {integrity: sha512-Zf5H2Kxt2xjTvbJvP2ZWLEICxA6j+hAmMzIlypy4xcBg1vKVnx89Wy0GbS+kf5cwCVFFzdCFh2XSCFNULS6csw==}
    engines: {node: '>= 0.4'}

  event-target-shim@5.0.1:
    resolution: {integrity: sha512-i/2XbnSz/uxRCU6+NdVJgKWDTM427+MqYbkQzD321DuCQJUqOuJKIA0IM2+W2xtYHdKOmZ4dR6fExsd4SXL+WQ==}
    engines: {node: '>=6'}

  for-each@0.3.3:
    resolution: {integrity: sha512-jqYfLp7mo9vIyQf8ykW2v7A+2N4QjeCeI5+Dz9XraiO1ign81wjiH7Fb9vSOWvQfNtmSa4H2RoQTrrXivdUZmw==}

  forwarded-parse@2.1.2:
    resolution: {integrity: sha512-alTFZZQDKMporBH77856pXgzhEzaUVmLCDk+egLgIgHst3Tpndzz8MnKe+GzRJRfvVdn69HhpW7cmXzvtLvJAw==}

  function-bind@1.1.2:
    resolution: {integrity: sha512-7XHNxH7qX9xG5mIwxkhumTox/MIRNcOgDrxWsMt2pAr23WHp6MrRlN7FBSFpCpr+oVO0F744iUgR82nJMfG2SA==}

  get-intrinsic@1.2.4:
    resolution: {integrity: sha512-5uYhsJH8VJBTv7oslg4BznJYhDoRI6waYCxMmCdnTrcCrHA/fCFKoTFz2JKKE0HdDFUF7/oQuhzumXJK7paBRQ==}
    engines: {node: '>= 0.4'}

  gopd@1.0.1:
    resolution: {integrity: sha512-d65bNlIadxvpb/A2abVdlqKqV563juRnZ1Wtk6s1sIR8uNsXR70xqIzVqxVf1eTqDunwT2MkczEeaezCKTZhwA==}

  has-property-descriptors@1.0.2:
    resolution: {integrity: sha512-55JNKuIW+vq4Ke1BjOTjM2YctQIvCT7GFzHwmfZPGo5wnrgkid0YQtnAleFSqumZm4az3n2BS+erby5ipJdgrg==}

  has-proto@1.0.3:
    resolution: {integrity: sha512-SJ1amZAJUiZS+PhsVLf5tGydlaVB8EdFpaSO4gmiUKUOxk8qzn5AIy4ZeJUmh22znIdk/uMAUT2pl3FxzVUH+Q==}
    engines: {node: '>= 0.4'}

  has-symbols@1.0.3:
    resolution: {integrity: sha512-l3LCuF6MgDNwTDKkdYGEihYjt5pRPbEg46rtlmnSPlUbgmB8LOIrKJbYYFBSbnPaJexMKtiPO8hmeRjRz2Td+A==}
    engines: {node: '>= 0.4'}

  has-tostringtag@1.0.2:
    resolution: {integrity: sha512-NqADB8VjPFLM2V0VvHUewwwsw0ZWBaIdgo+ieHtK3hasLz4qeCRjYcqfB6AQrBggRKppKF8L52/VqdVsO47Dlw==}
    engines: {node: '>= 0.4'}

  hasown@2.0.2:
    resolution: {integrity: sha512-0hJU9SCPvmMzIBdZFqNPXWa6dqh7WdH0cII9y+CyS8rG3nL48Bclra9HmKhVVUHyPWNH5Y7xDwAB7bfgSjkUMQ==}
    engines: {node: '>= 0.4'}

  import-in-the-middle@1.12.0:
    resolution: {integrity: sha512-yAgSE7GmtRcu4ZUSFX/4v69UGXwugFFSdIQJ14LHPOPPQrWv8Y7O9PHsw8Ovk7bKCLe4sjXMbZFqGFcLHpZ89w==}

  inherits@2.0.4:
    resolution: {integrity: sha512-k/vGaX4/Yla3WzyMCvTQOXYeIHvqOKtnqBduzTHpzpQZzAskKMhZ2K+EnBiSM9zGSoIFeMpXKxa4dYeZIQqewQ==}

  is-arguments@1.1.1:
    resolution: {integrity: sha512-8Q7EARjzEnKpt/PCD7e1cgUS0a6X8u5tdSiMqXhojOdoV9TsMsiO+9VLC5vAmO8N7/GmXn7yjR8qnA6bVAEzfA==}
    engines: {node: '>= 0.4'}

  is-callable@1.2.7:
    resolution: {integrity: sha512-1BC0BVFhS/p0qtw6enp8e+8OD0UrK0oFLztSjNzhcKA3WDuJxxAPXzPuPtKkjEY9UUoEWlX/8fgKeu2S8i9JTA==}
    engines: {node: '>= 0.4'}

  is-core-module@2.16.1:
    resolution: {integrity: sha512-UfoeMA6fIJ8wTYFEUjelnaGI67v6+N7qXJEvQuIGa99l4xsCruSYOVSQ0uPANn4dAzm8lkYPaKLrrijLq7x23w==}
    engines: {node: '>= 0.4'}

  is-generator-function@1.0.10:
    resolution: {integrity: sha512-jsEjy9l3yiXEQ+PsXdmBwEPcOxaXWLspKdplFUVI9vq1iZgIekeC0L167qeu86czQaxed3q/Uzuw0swL0irL8A==}
    engines: {node: '>= 0.4'}

  is-typed-array@1.1.13:
    resolution: {integrity: sha512-uZ25/bUAlUY5fR4OKT4rZQEBrzQWYV9ZJYGGsUmEJ6thodVJ1HX64ePQ6Z0qPWP+m+Uq6e9UugrE38jeYsDSMw==}
    engines: {node: '>= 0.4'}

  module-details-from-path@1.0.3:
    resolution: {integrity: sha512-ySViT69/76t8VhE1xXHK6Ch4NcDd26gx0MzKXLO+F7NOtnqH68d9zF94nT8ZWSxXh8ELOERsnJO/sWt1xZYw5A==}

  mrmime@1.0.1:
    resolution: {integrity: sha512-hzzEagAgDyoU1Q6yg5uI+AorQgdvMCur3FcKf7NhMKWsaYg+RnbTyHRa/9IlLF9rf455MOCtcqqrQQ83pPP7Uw==}
    engines: {node: '>=10'}

  ms@2.1.2:
    resolution: {integrity: sha512-sGkPx+VjMtmA6MX27oA4FBFELFCZZ4S4XqeGOXCv68tT+jb3vk/RyaKWP0PTKyWtmLSM0b+adUTEvbs1PEaH2w==}

  path-parse@1.0.7:
    resolution: {integrity: sha512-LDJzPVEEEPR+y48z93A0Ed0yXb8pAByGWo/k5YYdYgpY2/2EsOsksJrq7lOHxryrVOn1ejG6oAp8ahvOIQD8sw==}

  pg-int8@1.0.1:
    resolution: {integrity: sha512-WCtabS6t3c8SkpDBUlb1kjOs7l66xsGdKpIPZsg4wR+B3+u9UAum2odSsF9tnvxg80h4ZxLWMy4pRjOsFIqQpw==}
    engines: {node: '>=4.0.0'}

  pg-protocol@1.7.0:
    resolution: {integrity: sha512-hTK/mE36i8fDDhgDFjy6xNOG+LCorxLG3WO17tku+ij6sVHXh1jQUJ8hYAnRhNla4QVD2H8er/FOjc/+EgC6yQ==}

  pg-types@2.2.0:
    resolution: {integrity: sha512-qTAAlrEsl8s4OiEQY69wDvcMIdQN6wdz5ojQiOy6YRMuynxenON0O5oCpJI6lshc6scgAY8qvJ2On/p+CXY0GA==}
    engines: {node: '>=4'}

  possible-typed-array-names@1.0.0:
    resolution: {integrity: sha512-d7Uw+eZoloe0EHDIYoe+bQ5WXnGMOpmiZFTuMWCwpjzzkL2nTjcKiAk4hh8TjnGye2TwWOk3UXucZ+3rbmBa8Q==}
    engines: {node: '>= 0.4'}

  postgres-array@2.0.0:
    resolution: {integrity: sha512-VpZrUqU5A69eQyW2c5CA1jtLecCsN2U/bD6VilrFDWq5+5UIEVO7nazS3TEcHf1zuPYO/sqGvUvW62g86RXZuA==}
    engines: {node: '>=4'}

  postgres-bytea@1.0.0:
    resolution: {integrity: sha512-xy3pmLuQqRBZBXDULy7KbaitYqLcmxigw14Q5sj8QBVLqEwXfeybIKVWiqAXTlcvdvb0+xkOtDbfQMOf4lST1w==}
    engines: {node: '>=0.10.0'}

  postgres-date@1.0.7:
    resolution: {integrity: sha512-suDmjLVQg78nMK2UZ454hAG+OAW+HQPZ6n++TNDUX+L0+uUlLywnoxJKDou51Zm+zTCjrCl0Nq6J9C5hP9vK/Q==}
    engines: {node: '>=0.10.0'}

  postgres-interval@1.2.0:
    resolution: {integrity: sha512-9ZhXKM/rw350N1ovuWHbGxnGh/SNJ4cnxHiM0rxE4VN41wsg8P8zWn9hv/buK00RP4WvlOyr/RBDiptyxVbkZQ==}
    engines: {node: '>=0.10.0'}

  require-in-the-middle@7.4.0:
    resolution: {integrity: sha512-X34iHADNbNDfr6OTStIAHWSAvvKQRYgLO6duASaVf7J2VA3lvmNYboAHOuLC2huav1IwgZJtyEcJCKVzFxOSMQ==}
    engines: {node: '>=8.6.0'}

  resolve@1.22.10:
    resolution: {integrity: sha512-NPRy+/ncIMeDlTAsuqwKIiferiawhefFJtkNSW0qZJEqMEb+qBt/77B/jGeeek+F0uOeN05CDa6HXbbIgtVX4w==}
    engines: {node: '>= 0.4'}
    hasBin: true

  semver@7.6.3:
    resolution: {integrity: sha512-oVekP1cKtI+CTDvHWYFUcMtsK/00wmAEfyqKfNdARm8u1wNVhSgaX7A8d4UuIlUI5e84iEwOhs7ZPYRmzU9U6A==}
    engines: {node: '>=10'}
    hasBin: true

  set-cookie-parser@2.6.0:
    resolution: {integrity: sha512-RVnVQxTXuerk653XfuliOxBP81Sf0+qfQE73LIYKcyMYHG94AuH0kgrQpRDuTZnSmjpysHmzxJXKNfa6PjFhyQ==}

  set-function-length@1.2.2:
    resolution: {integrity: sha512-pgRc4hJ4/sNjWCSS9AmnS40x3bNMDTknHgL5UaMBTMyJnU90EgWh1Rz+MC9eFu4BuN/UwZjKQuY/1v3rM7HMfg==}
    engines: {node: '>= 0.4'}

  shimmer@1.2.1:
    resolution: {integrity: sha512-sQTKC1Re/rM6XyFM6fIAGHRPVGvyXfgzIDvzoq608vM+jeyVD0Tu1E6Np0Kc2zAIFWIj963V2800iF/9LPieQw==}

  source-map-support@0.5.21:
    resolution: {integrity: sha512-uBHU3L3czsIyYXKX88fdrGovxdSCoTGDRZ6SYXtSRxLZUzHg5P/66Ht6uoUlHu9EZod+inXhKo3qQgwXUT/y1w==}

  source-map@0.6.1:
    resolution: {integrity: sha512-UjgapumWlbMhkBgzT7Ykc5YXUT46F0iKu8SGXq0bcwP5dz/h0Plj6enJqjz1Zbq2l5WaqYnrVbwWOWMyF3F47g==}
    engines: {node: '>=0.10.0'}

  source-map@0.7.4:
    resolution: {integrity: sha512-l3BikUxvPOcn5E74dZiq5BGsTb5yEwhaTSzccU6t4sDOH8NWJCstKO5QT2CvtFoK6F0saL7p9xHAqHOlCPJygA==}
    engines: {node: '>= 8'}

  stream-slice@0.1.2:
    resolution: {integrity: sha512-QzQxpoacatkreL6jsxnVb7X5R/pGw9OUv2qWTYWnmLpg4NdN31snPy/f3TdQE1ZUXaThRvj1Zw4/OGg0ZkaLMA==}

  supports-preserve-symlinks-flag@1.0.0:
    resolution: {integrity: sha512-ot0WnXS9fgdkgIcePe6RHNk1WA8+muPa6cSjeR3V8K27q9BB1rTE3R1p7Hv0z1ZyAc8s6Vvv8DIyWf681MAt0w==}
    engines: {node: '>= 0.4'}

  turbo-stream@2.2.0:
    resolution: {integrity: sha512-FKFg7A0To1VU4CH9YmSMON5QphK0BXjSoiC7D9yMh+mEEbXLUP9qJ4hEt1qcjKtzncs1OpcnjZO8NgrlVbZH+g==}

  undici-types@6.20.0:
    resolution: {integrity: sha512-Ny6QZ2Nju20vw1SRHe3d9jVu6gJ+4e3+MMpqu7pqE5HT6WsTSlce++GQmK5UXS8mzV8DSYHrQH+Xrf2jVcuKNg==}

  undici@6.19.2:
    resolution: {integrity: sha512-JfjKqIauur3Q6biAtHJ564e3bWa8VvT+7cSiOJHFbX4Erv6CLGDpg8z+Fmg/1OI/47RA+GI2QZaF48SSaLvyBA==}
    engines: {node: '>=18.17'}

  util@0.12.5:
    resolution: {integrity: sha512-kZf/K6hEIrWHI6XqOFUiiMa+79wE/D8Q+NCNAWclkyg3b4d2k7s0QGepNjiABc+aR3N1PAyHL7p6UcLY6LmrnA==}

  web-encoding@1.1.5:
    resolution: {integrity: sha512-HYLeVCdJ0+lBYV2FvNZmv3HJ2Nt0QYXqZojk3d9FJOLkwnuhzM9tmamh8d7HPM8QqjKH8DeHkFTx+CFlWpZZDA==}

  web-streams-polyfill@3.3.3:
    resolution: {integrity: sha512-d2JWLCivmZYTSIoge9MsgFCZrt571BikcWGYkjC1khllbTeDlGqZ2D8vD8E/lJa8WGWbb7Plm8/XJYV7IJHZZw==}
    engines: {node: '>= 8'}

  which-typed-array@1.1.15:
    resolution: {integrity: sha512-oV0jmFtUky6CXfkqehVvBP/LSWJ2sy4vWMioiENyJLePrBO/yKyV9OyJySfAKosh+RYkIl5zJCNZ8/4JncrpdA==}
    engines: {node: '>= 0.4'}

  xtend@4.0.2:
    resolution: {integrity: sha512-LKYU1iAXJXUgAXn9URjiu+MWhyUXHsvfp7mcuYm9dSUKK0/CjtrUwFAxD82/mCWbtLsGjFIad0wIsod4zrTAEQ==}
    engines: {node: '>=0.4'}

snapshots:

  '@expo/server@0.4.3(patch_hash=at4fdynffkaw4r7ro4imf5psye)':
    dependencies:
      '@remix-run/node': 2.10.1
      abort-controller: 3.0.0
      debug: 4.3.5
      source-map-support: 0.5.21
    transitivePeerDependencies:
      - supports-color
      - typescript

  '@opentelemetry/api-logs@0.53.0':
    dependencies:
      '@opentelemetry/api': 1.9.0

  '@opentelemetry/api-logs@0.56.0':
    dependencies:
      '@opentelemetry/api': 1.9.0

  '@opentelemetry/api@1.9.0': {}

  '@opentelemetry/context-async-hooks@1.30.0(@opentelemetry/api@1.9.0)':
    dependencies:
      '@opentelemetry/api': 1.9.0

  '@opentelemetry/core@1.29.0(@opentelemetry/api@1.9.0)':
    dependencies:
      '@opentelemetry/api': 1.9.0
      '@opentelemetry/semantic-conventions': 1.28.0

  '@opentelemetry/core@1.30.0(@opentelemetry/api@1.9.0)':
    dependencies:
      '@opentelemetry/api': 1.9.0
      '@opentelemetry/semantic-conventions': 1.28.0

  '@opentelemetry/instrumentation-amqplib@0.45.0(@opentelemetry/api@1.9.0)':
    dependencies:
      '@opentelemetry/api': 1.9.0
      '@opentelemetry/core': 1.30.0(@opentelemetry/api@1.9.0)
      '@opentelemetry/instrumentation': 0.56.0(@opentelemetry/api@1.9.0)
      '@opentelemetry/semantic-conventions': 1.28.0
    transitivePeerDependencies:
      - supports-color

  '@opentelemetry/instrumentation-connect@0.42.0(@opentelemetry/api@1.9.0)':
    dependencies:
      '@opentelemetry/api': 1.9.0
      '@opentelemetry/core': 1.30.0(@opentelemetry/api@1.9.0)
      '@opentelemetry/instrumentation': 0.56.0(@opentelemetry/api@1.9.0)
      '@opentelemetry/semantic-conventions': 1.28.0
      '@types/connect': 3.4.36
    transitivePeerDependencies:
      - supports-color

  '@opentelemetry/instrumentation-dataloader@0.15.0(@opentelemetry/api@1.9.0)':
    dependencies:
      '@opentelemetry/api': 1.9.0
      '@opentelemetry/instrumentation': 0.56.0(@opentelemetry/api@1.9.0)
    transitivePeerDependencies:
      - supports-color

  '@opentelemetry/instrumentation-express@0.46.0(@opentelemetry/api@1.9.0)':
    dependencies:
      '@opentelemetry/api': 1.9.0
      '@opentelemetry/core': 1.30.0(@opentelemetry/api@1.9.0)
      '@opentelemetry/instrumentation': 0.56.0(@opentelemetry/api@1.9.0)
      '@opentelemetry/semantic-conventions': 1.28.0
    transitivePeerDependencies:
      - supports-color

  '@opentelemetry/instrumentation-fastify@0.43.0(@opentelemetry/api@1.9.0)':
    dependencies:
      '@opentelemetry/api': 1.9.0
      '@opentelemetry/core': 1.30.0(@opentelemetry/api@1.9.0)
      '@opentelemetry/instrumentation': 0.56.0(@opentelemetry/api@1.9.0)
      '@opentelemetry/semantic-conventions': 1.28.0
    transitivePeerDependencies:
      - supports-color

  '@opentelemetry/instrumentation-fs@0.18.0(@opentelemetry/api@1.9.0)':
    dependencies:
      '@opentelemetry/api': 1.9.0
      '@opentelemetry/core': 1.30.0(@opentelemetry/api@1.9.0)
      '@opentelemetry/instrumentation': 0.56.0(@opentelemetry/api@1.9.0)
    transitivePeerDependencies:
      - supports-color

  '@opentelemetry/instrumentation-generic-pool@0.42.0(@opentelemetry/api@1.9.0)':
    dependencies:
      '@opentelemetry/api': 1.9.0
      '@opentelemetry/instrumentation': 0.56.0(@opentelemetry/api@1.9.0)
    transitivePeerDependencies:
      - supports-color

  '@opentelemetry/instrumentation-graphql@0.46.0(@opentelemetry/api@1.9.0)':
    dependencies:
      '@opentelemetry/api': 1.9.0
      '@opentelemetry/instrumentation': 0.56.0(@opentelemetry/api@1.9.0)
    transitivePeerDependencies:
      - supports-color

  '@opentelemetry/instrumentation-hapi@0.44.0(@opentelemetry/api@1.9.0)':
    dependencies:
      '@opentelemetry/api': 1.9.0
      '@opentelemetry/core': 1.30.0(@opentelemetry/api@1.9.0)
      '@opentelemetry/instrumentation': 0.56.0(@opentelemetry/api@1.9.0)
      '@opentelemetry/semantic-conventions': 1.28.0
    transitivePeerDependencies:
      - supports-color

  '@opentelemetry/instrumentation-http@0.56.0(@opentelemetry/api@1.9.0)':
    dependencies:
      '@opentelemetry/api': 1.9.0
      '@opentelemetry/core': 1.29.0(@opentelemetry/api@1.9.0)
      '@opentelemetry/instrumentation': 0.56.0(@opentelemetry/api@1.9.0)
      '@opentelemetry/semantic-conventions': 1.28.0
      forwarded-parse: 2.1.2
      semver: 7.6.3
    transitivePeerDependencies:
      - supports-color

  '@opentelemetry/instrumentation-ioredis@0.46.0(@opentelemetry/api@1.9.0)':
    dependencies:
      '@opentelemetry/api': 1.9.0
      '@opentelemetry/instrumentation': 0.56.0(@opentelemetry/api@1.9.0)
      '@opentelemetry/redis-common': 0.36.2
      '@opentelemetry/semantic-conventions': 1.28.0
    transitivePeerDependencies:
      - supports-color

  '@opentelemetry/instrumentation-kafkajs@0.6.0(@opentelemetry/api@1.9.0)':
    dependencies:
      '@opentelemetry/api': 1.9.0
      '@opentelemetry/instrumentation': 0.56.0(@opentelemetry/api@1.9.0)
      '@opentelemetry/semantic-conventions': 1.28.0
    transitivePeerDependencies:
      - supports-color

  '@opentelemetry/instrumentation-knex@0.43.0(@opentelemetry/api@1.9.0)':
    dependencies:
      '@opentelemetry/api': 1.9.0
      '@opentelemetry/instrumentation': 0.56.0(@opentelemetry/api@1.9.0)
      '@opentelemetry/semantic-conventions': 1.28.0
    transitivePeerDependencies:
      - supports-color

  '@opentelemetry/instrumentation-koa@0.46.0(@opentelemetry/api@1.9.0)':
    dependencies:
      '@opentelemetry/api': 1.9.0
      '@opentelemetry/core': 1.30.0(@opentelemetry/api@1.9.0)
      '@opentelemetry/instrumentation': 0.56.0(@opentelemetry/api@1.9.0)
      '@opentelemetry/semantic-conventions': 1.28.0
    transitivePeerDependencies:
      - supports-color

  '@opentelemetry/instrumentation-lru-memoizer@0.43.0(@opentelemetry/api@1.9.0)':
    dependencies:
      '@opentelemetry/api': 1.9.0
      '@opentelemetry/instrumentation': 0.56.0(@opentelemetry/api@1.9.0)
    transitivePeerDependencies:
      - supports-color

  '@opentelemetry/instrumentation-mongodb@0.50.0(@opentelemetry/api@1.9.0)':
    dependencies:
      '@opentelemetry/api': 1.9.0
      '@opentelemetry/instrumentation': 0.56.0(@opentelemetry/api@1.9.0)
      '@opentelemetry/semantic-conventions': 1.28.0
    transitivePeerDependencies:
      - supports-color

  '@opentelemetry/instrumentation-mongoose@0.45.0(@opentelemetry/api@1.9.0)':
    dependencies:
      '@opentelemetry/api': 1.9.0
      '@opentelemetry/core': 1.30.0(@opentelemetry/api@1.9.0)
      '@opentelemetry/instrumentation': 0.56.0(@opentelemetry/api@1.9.0)
      '@opentelemetry/semantic-conventions': 1.28.0
    transitivePeerDependencies:
      - supports-color

  '@opentelemetry/instrumentation-mysql2@0.44.0(@opentelemetry/api@1.9.0)':
    dependencies:
      '@opentelemetry/api': 1.9.0
      '@opentelemetry/instrumentation': 0.56.0(@opentelemetry/api@1.9.0)
      '@opentelemetry/semantic-conventions': 1.28.0
      '@opentelemetry/sql-common': 0.40.1(@opentelemetry/api@1.9.0)
    transitivePeerDependencies:
      - supports-color

  '@opentelemetry/instrumentation-mysql@0.44.0(@opentelemetry/api@1.9.0)':
    dependencies:
      '@opentelemetry/api': 1.9.0
      '@opentelemetry/instrumentation': 0.56.0(@opentelemetry/api@1.9.0)
      '@opentelemetry/semantic-conventions': 1.28.0
      '@types/mysql': 2.15.26
    transitivePeerDependencies:
      - supports-color

  '@opentelemetry/instrumentation-nestjs-core@0.43.0(@opentelemetry/api@1.9.0)':
    dependencies:
      '@opentelemetry/api': 1.9.0
      '@opentelemetry/instrumentation': 0.56.0(@opentelemetry/api@1.9.0)
      '@opentelemetry/semantic-conventions': 1.28.0
    transitivePeerDependencies:
      - supports-color

  '@opentelemetry/instrumentation-pg@0.49.0(@opentelemetry/api@1.9.0)':
    dependencies:
      '@opentelemetry/api': 1.9.0
      '@opentelemetry/core': 1.30.0(@opentelemetry/api@1.9.0)
      '@opentelemetry/instrumentation': 0.56.0(@opentelemetry/api@1.9.0)
      '@opentelemetry/semantic-conventions': 1.27.0
      '@opentelemetry/sql-common': 0.40.1(@opentelemetry/api@1.9.0)
      '@types/pg': 8.6.1
      '@types/pg-pool': 2.0.6
    transitivePeerDependencies:
      - supports-color

  '@opentelemetry/instrumentation-redis-4@0.45.0(@opentelemetry/api@1.9.0)':
    dependencies:
      '@opentelemetry/api': 1.9.0
      '@opentelemetry/instrumentation': 0.56.0(@opentelemetry/api@1.9.0)
      '@opentelemetry/redis-common': 0.36.2
      '@opentelemetry/semantic-conventions': 1.28.0
    transitivePeerDependencies:
      - supports-color

  '@opentelemetry/instrumentation-tedious@0.17.0(@opentelemetry/api@1.9.0)':
    dependencies:
      '@opentelemetry/api': 1.9.0
      '@opentelemetry/instrumentation': 0.56.0(@opentelemetry/api@1.9.0)
      '@opentelemetry/semantic-conventions': 1.28.0
      '@types/tedious': 4.0.14
    transitivePeerDependencies:
      - supports-color

  '@opentelemetry/instrumentation-undici@0.9.0(@opentelemetry/api@1.9.0)':
    dependencies:
      '@opentelemetry/api': 1.9.0
      '@opentelemetry/core': 1.30.0(@opentelemetry/api@1.9.0)
      '@opentelemetry/instrumentation': 0.56.0(@opentelemetry/api@1.9.0)
    transitivePeerDependencies:
      - supports-color

  '@opentelemetry/instrumentation@0.53.0(@opentelemetry/api@1.9.0)':
    dependencies:
      '@opentelemetry/api': 1.9.0
      '@opentelemetry/api-logs': 0.53.0
      '@types/shimmer': 1.2.0
      import-in-the-middle: 1.12.0
      require-in-the-middle: 7.4.0
      semver: 7.6.3
      shimmer: 1.2.1
    transitivePeerDependencies:
      - supports-color

  '@opentelemetry/instrumentation@0.56.0(@opentelemetry/api@1.9.0)':
    dependencies:
      '@opentelemetry/api': 1.9.0
      '@opentelemetry/api-logs': 0.56.0
      '@types/shimmer': 1.2.0
      import-in-the-middle: 1.12.0
      require-in-the-middle: 7.4.0
      semver: 7.6.3
      shimmer: 1.2.1
    transitivePeerDependencies:
      - supports-color

  '@opentelemetry/redis-common@0.36.2': {}

  '@opentelemetry/resources@1.30.0(@opentelemetry/api@1.9.0)':
    dependencies:
      '@opentelemetry/api': 1.9.0
      '@opentelemetry/core': 1.30.0(@opentelemetry/api@1.9.0)
      '@opentelemetry/semantic-conventions': 1.28.0

  '@opentelemetry/sdk-trace-base@1.30.0(@opentelemetry/api@1.9.0)':
    dependencies:
      '@opentelemetry/api': 1.9.0
      '@opentelemetry/core': 1.30.0(@opentelemetry/api@1.9.0)
      '@opentelemetry/resources': 1.30.0(@opentelemetry/api@1.9.0)
      '@opentelemetry/semantic-conventions': 1.28.0

  '@opentelemetry/semantic-conventions@1.27.0': {}

  '@opentelemetry/semantic-conventions@1.28.0': {}

  '@opentelemetry/sql-common@0.40.1(@opentelemetry/api@1.9.0)':
    dependencies:
      '@opentelemetry/api': 1.9.0
      '@opentelemetry/core': 1.30.0(@opentelemetry/api@1.9.0)

  '@prisma/instrumentation@5.22.0':
    dependencies:
      '@opentelemetry/api': 1.9.0
      '@opentelemetry/instrumentation': 0.53.0(@opentelemetry/api@1.9.0)
      '@opentelemetry/sdk-trace-base': 1.30.0(@opentelemetry/api@1.9.0)
    transitivePeerDependencies:
      - supports-color

  '@remix-run/node@2.10.1':
    dependencies:
      '@remix-run/server-runtime': 2.10.1
      '@remix-run/web-fetch': 4.4.2
      '@web3-storage/multipart-parser': 1.0.0
      cookie-signature: 1.2.1
      source-map-support: 0.5.21
      stream-slice: 0.1.2
      undici: 6.19.2

  '@remix-run/router@1.17.1': {}

  '@remix-run/server-runtime@2.10.1':
    dependencies:
      '@remix-run/router': 1.17.1
      '@types/cookie': 0.6.0
      '@web3-storage/multipart-parser': 1.0.0
      cookie: 0.6.0
      set-cookie-parser: 2.6.0
      source-map: 0.7.4
      turbo-stream: 2.2.0

  '@remix-run/web-blob@3.1.0':
    dependencies:
      '@remix-run/web-stream': 1.1.0
      web-encoding: 1.1.5

  '@remix-run/web-fetch@4.4.2':
    dependencies:
      '@remix-run/web-blob': 3.1.0
      '@remix-run/web-file': 3.1.0
      '@remix-run/web-form-data': 3.1.0
      '@remix-run/web-stream': 1.1.0
      '@web3-storage/multipart-parser': 1.0.0
      abort-controller: 3.0.0
      data-uri-to-buffer: 3.0.1
      mrmime: 1.0.1

  '@remix-run/web-file@3.1.0':
    dependencies:
      '@remix-run/web-blob': 3.1.0

  '@remix-run/web-form-data@3.1.0':
    dependencies:
      web-encoding: 1.1.5

  '@remix-run/web-stream@1.1.0':
    dependencies:
      web-streams-polyfill: 3.3.3

  '@sentry/core@8.48.0': {}

  '@sentry/node@8.48.0':
    dependencies:
      '@opentelemetry/api': 1.9.0
      '@opentelemetry/context-async-hooks': 1.30.0(@opentelemetry/api@1.9.0)
      '@opentelemetry/core': 1.30.0(@opentelemetry/api@1.9.0)
      '@opentelemetry/instrumentation': 0.56.0(@opentelemetry/api@1.9.0)
      '@opentelemetry/instrumentation-amqplib': 0.45.0(@opentelemetry/api@1.9.0)
      '@opentelemetry/instrumentation-connect': 0.42.0(@opentelemetry/api@1.9.0)
      '@opentelemetry/instrumentation-dataloader': 0.15.0(@opentelemetry/api@1.9.0)
      '@opentelemetry/instrumentation-express': 0.46.0(@opentelemetry/api@1.9.0)
      '@opentelemetry/instrumentation-fastify': 0.43.0(@opentelemetry/api@1.9.0)
      '@opentelemetry/instrumentation-fs': 0.18.0(@opentelemetry/api@1.9.0)
      '@opentelemetry/instrumentation-generic-pool': 0.42.0(@opentelemetry/api@1.9.0)
      '@opentelemetry/instrumentation-graphql': 0.46.0(@opentelemetry/api@1.9.0)
      '@opentelemetry/instrumentation-hapi': 0.44.0(@opentelemetry/api@1.9.0)
      '@opentelemetry/instrumentation-http': 0.56.0(@opentelemetry/api@1.9.0)
      '@opentelemetry/instrumentation-ioredis': 0.46.0(@opentelemetry/api@1.9.0)
      '@opentelemetry/instrumentation-kafkajs': 0.6.0(@opentelemetry/api@1.9.0)
      '@opentelemetry/instrumentation-knex': 0.43.0(@opentelemetry/api@1.9.0)
      '@opentelemetry/instrumentation-koa': 0.46.0(@opentelemetry/api@1.9.0)
      '@opentelemetry/instrumentation-lru-memoizer': 0.43.0(@opentelemetry/api@1.9.0)
      '@opentelemetry/instrumentation-mongodb': 0.50.0(@opentelemetry/api@1.9.0)
      '@opentelemetry/instrumentation-mongoose': 0.45.0(@opentelemetry/api@1.9.0)
      '@opentelemetry/instrumentation-mysql': 0.44.0(@opentelemetry/api@1.9.0)
      '@opentelemetry/instrumentation-mysql2': 0.44.0(@opentelemetry/api@1.9.0)
      '@opentelemetry/instrumentation-nestjs-core': 0.43.0(@opentelemetry/api@1.9.0)
      '@opentelemetry/instrumentation-pg': 0.49.0(@opentelemetry/api@1.9.0)
      '@opentelemetry/instrumentation-redis-4': 0.45.0(@opentelemetry/api@1.9.0)
      '@opentelemetry/instrumentation-tedious': 0.17.0(@opentelemetry/api@1.9.0)
      '@opentelemetry/instrumentation-undici': 0.9.0(@opentelemetry/api@1.9.0)
      '@opentelemetry/resources': 1.30.0(@opentelemetry/api@1.9.0)
      '@opentelemetry/sdk-trace-base': 1.30.0(@opentelemetry/api@1.9.0)
      '@opentelemetry/semantic-conventions': 1.28.0
      '@prisma/instrumentation': 5.22.0
      '@sentry/core': 8.48.0
      '@sentry/opentelemetry': 8.48.0(@opentelemetry/api@1.9.0)(@opentelemetry/core@1.30.0(@opentelemetry/api@1.9.0))(@opentelemetry/instrumentation@0.56.0(@opentelemetry/api@1.9.0))(@opentelemetry/sdk-trace-base@1.30.0(@opentelemetry/api@1.9.0))(@opentelemetry/semantic-conventions@1.28.0)
      import-in-the-middle: 1.12.0
    transitivePeerDependencies:
      - supports-color

  '@sentry/opentelemetry@8.48.0(@opentelemetry/api@1.9.0)(@opentelemetry/core@1.30.0(@opentelemetry/api@1.9.0))(@opentelemetry/instrumentation@0.56.0(@opentelemetry/api@1.9.0))(@opentelemetry/sdk-trace-base@1.30.0(@opentelemetry/api@1.9.0))(@opentelemetry/semantic-conventions@1.28.0)':
    dependencies:
      '@opentelemetry/api': 1.9.0
      '@opentelemetry/core': 1.30.0(@opentelemetry/api@1.9.0)
      '@opentelemetry/instrumentation': 0.56.0(@opentelemetry/api@1.9.0)
      '@opentelemetry/sdk-trace-base': 1.30.0(@opentelemetry/api@1.9.0)
      '@opentelemetry/semantic-conventions': 1.28.0
      '@sentry/core': 8.48.0

  '@types/connect@3.4.36':
    dependencies:
      '@types/node': 22.10.5

  '@types/cookie@0.6.0': {}

  '@types/mysql@2.15.26':
    dependencies:
      '@types/node': 22.10.5

  '@types/node@22.10.5':
    dependencies:
      undici-types: 6.20.0

  '@types/pg-pool@2.0.6':
    dependencies:
      '@types/pg': 8.6.1

  '@types/pg@8.6.1':
    dependencies:
      '@types/node': 22.10.5
      pg-protocol: 1.7.0
      pg-types: 2.2.0

  '@types/shimmer@1.2.0': {}

  '@types/tedious@4.0.14':
    dependencies:
      '@types/node': 22.10.5

  '@web3-storage/multipart-parser@1.0.0': {}

  '@zxing/text-encoding@0.9.0':
    optional: true

  abort-controller@3.0.0:
    dependencies:
      event-target-shim: 5.0.1

  acorn-import-attributes@1.9.5(acorn@8.14.0):
    dependencies:
      acorn: 8.14.0

  acorn@8.14.0: {}

  available-typed-arrays@1.0.7:
    dependencies:
      possible-typed-array-names: 1.0.0

  buffer-from@1.1.2: {}

  call-bind@1.0.7:
    dependencies:
      es-define-property: 1.0.0
      es-errors: 1.3.0
      function-bind: 1.1.2
      get-intrinsic: 1.2.4
      set-function-length: 1.2.2

  cjs-module-lexer@1.4.1: {}

  cookie-signature@1.2.1: {}

  cookie@0.6.0: {}

  data-uri-to-buffer@3.0.1: {}

  debug@4.3.5:
    dependencies:
      ms: 2.1.2

  define-data-property@1.1.4:
    dependencies:
      es-define-property: 1.0.0
      es-errors: 1.3.0
      gopd: 1.0.1

  es-define-property@1.0.0:
    dependencies:
      get-intrinsic: 1.2.4

  es-errors@1.3.0: {}

  event-target-shim@5.0.1: {}

  for-each@0.3.3:
    dependencies:
      is-callable: 1.2.7

  forwarded-parse@2.1.2: {}

  function-bind@1.1.2: {}

  get-intrinsic@1.2.4:
    dependencies:
      es-errors: 1.3.0
      function-bind: 1.1.2
      has-proto: 1.0.3
      has-symbols: 1.0.3
      hasown: 2.0.2

  gopd@1.0.1:
    dependencies:
      get-intrinsic: 1.2.4

  has-property-descriptors@1.0.2:
    dependencies:
      es-define-property: 1.0.0

  has-proto@1.0.3: {}

  has-symbols@1.0.3: {}

  has-tostringtag@1.0.2:
    dependencies:
      has-symbols: 1.0.3

  hasown@2.0.2:
    dependencies:
      function-bind: 1.1.2

  import-in-the-middle@1.12.0:
    dependencies:
      acorn: 8.14.0
      acorn-import-attributes: 1.9.5(acorn@8.14.0)
      cjs-module-lexer: 1.4.1
      module-details-from-path: 1.0.3

  inherits@2.0.4: {}

  is-arguments@1.1.1:
    dependencies:
      call-bind: 1.0.7
      has-tostringtag: 1.0.2

  is-callable@1.2.7: {}

  is-core-module@2.16.1:
    dependencies:
      hasown: 2.0.2

  is-generator-function@1.0.10:
    dependencies:
      has-tostringtag: 1.0.2

  is-typed-array@1.1.13:
    dependencies:
      which-typed-array: 1.1.15

  module-details-from-path@1.0.3: {}

  mrmime@1.0.1: {}

  ms@2.1.2: {}

  path-parse@1.0.7: {}

  pg-int8@1.0.1: {}

  pg-protocol@1.7.0: {}

  pg-types@2.2.0:
    dependencies:
      pg-int8: 1.0.1
      postgres-array: 2.0.0
      postgres-bytea: 1.0.0
      postgres-date: 1.0.7
      postgres-interval: 1.2.0

  possible-typed-array-names@1.0.0: {}

  postgres-array@2.0.0: {}

  postgres-bytea@1.0.0: {}

  postgres-date@1.0.7: {}

  postgres-interval@1.2.0:
    dependencies:
      xtend: 4.0.2

  require-in-the-middle@7.4.0:
    dependencies:
      debug: 4.3.5
      module-details-from-path: 1.0.3
      resolve: 1.22.10
    transitivePeerDependencies:
      - supports-color

  resolve@1.22.10:
    dependencies:
      is-core-module: 2.16.1
      path-parse: 1.0.7
      supports-preserve-symlinks-flag: 1.0.0

  semver@7.6.3: {}

  set-cookie-parser@2.6.0: {}

  set-function-length@1.2.2:
    dependencies:
      define-data-property: 1.1.4
      es-errors: 1.3.0
      function-bind: 1.1.2
      get-intrinsic: 1.2.4
      gopd: 1.0.1
      has-property-descriptors: 1.0.2

  shimmer@1.2.1: {}

  source-map-support@0.5.21:
    dependencies:
      buffer-from: 1.1.2
      source-map: 0.6.1

  source-map@0.6.1: {}

  source-map@0.7.4: {}

  stream-slice@0.1.2: {}

  supports-preserve-symlinks-flag@1.0.0: {}

  turbo-stream@2.2.0: {}

  undici-types@6.20.0: {}

  undici@6.19.2: {}

  util@0.12.5:
    dependencies:
      inherits: 2.0.4
      is-arguments: 1.1.1
      is-generator-function: 1.0.10
      is-typed-array: 1.1.13
      which-typed-array: 1.1.15

  web-encoding@1.1.5:
    dependencies:
      util: 0.12.5
    optionalDependencies:
      '@zxing/text-encoding': 0.9.0

  web-streams-polyfill@3.3.3: {}

  which-typed-array@1.1.15:
    dependencies:
      available-typed-arrays: 1.0.7
      call-bind: 1.0.7
      for-each: 0.3.3
      gopd: 1.0.1
      has-tostringtag: 1.0.2

  xtend@4.0.2: {}
